
Microsoft Visual Studio Solution File, Format Version 12.00
# Visual Studio Version 17
VisualStudioVersion = 17.11.35312.102
MinimumVisualStudioVersion = 10.0.40219.1
Project("{FAE04EC0-301F-11D3-BF4B-00C04F79EFBC}") = "ABCDPermute", "ABCDPermute\ABCDPermute.csproj", "{D6C799FD-295B-49F7-9AF5-86B09F7F745B}"
EndProject
Global
	GlobalSection(SolutionConfigurationPlatforms) = preSolution
		Debug|Any CPU = Debug|Any CPU
		Release|Any CPU = Release|Any CPU
	EndGlobalSection
	GlobalSection(ProjectConfigurationPlatforms) = postSolution
		{D6C799FD-295B-49F7-9AF5-86B09F7F745B}.Debug|Any CPU.ActiveCfg = Debug|Any CPU
		{D6C799FD-295B-49F7-9AF5-86B09F7F745B}.Debug|Any CPU.Build.0 = Debug|Any CPU
		{D6C799FD-295B-49F7-9AF5-86B09F7F745B}.Release|Any CPU.ActiveCfg = Release|Any CPU
		{D6C799FD-295B-49F7-9AF5-86B09F7F745B}.Release|Any CPU.Build.0 = Release|Any CPU
	EndGlobalSection
	GlobalSection(SolutionProperties) = preSolution
		HideSolutionNode = FALSE
	EndGlobalSection
	GlobalSection(ExtensibilityGlobals) = postSolution
		SolutionGuid = {F13887F9-B53F-4E11-BB52-960AA341F061}
	EndGlobalSection
EndGlobal
